// !$*UTF8*$!
{
	archiveVersion = 1;
	classes = {
	};
	objectVersion = 77;
	objects = {

/* Begin PBXBuildFile section */
		ACC22A252CDEA4910033EFD2 /* MLX in Frameworks */ = {isa = PBXBuildFile; productRef = ACC22A242CDEA4910033EFD2 /* MLX */; };
		ACC22A272CDEA4910033EFD2 /* MLXFFT in Frameworks */ = {isa = PBXBuildFile; productRef = ACC22A262CDEA4910033EFD2 /* MLXFFT */; };
		ACC22A292CDEA4910033EFD2 /* MLXFast in Frameworks */ = {isa = PBXBuildFile; productRef = ACC22A282CDEA4910033EFD2 /* MLXFast */; };
		ACC22A2B2CDEA4910033EFD2 /* MLXLinalg in Frameworks */ = {isa = PBXBuildFile; productRef = ACC22A2A2CDEA4910033EFD2 /* MLXLinalg */; };
		ACC22A2D2CDEA4910033EFD2 /* MLXNN in Frameworks */ = {isa = PBXBuildFile; productRef = ACC22A2C2CDEA4910033EFD2 /* MLXNN */; };
		ACC22A362CDEA6370033EFD2 /* Transformers in Frameworks */ = {isa = PBXBuildFile; productRef = ACC22A352CDEA6370033EFD2 /* Transformers */; };
		ACC22A462CDEA8A30033EFD2 /* MLXOptimizers in Frameworks */ = {isa = PBXBuildFile; productRef = ACC22A452CDEA8A30033EFD2 /* MLXOptimizers */; };
		ACC22A4D2CDEA9D40033EFD2 /* MarkdownUI in Frameworks */ = {isa = PBXBuildFile; productRef = ACC22A4C2CDEA9D40033EFD2 /* MarkdownUI */; };
		ACCD86F72CE103C400A369B1 /* ZIPFoundation in Frameworks */ = {isa = PBXBuildFile; productRef = ACCD86F62CE103C400A369B1 /* ZIPFoundation */; };
		ACCD87092CE109D200A369B1 /* StableDiffusion in Frameworks */ = {isa = PBXBuildFile; productRef = ACCD87082CE109D200A369B1 /* StableDiffusion */; };
/* End PBXBuildFile section */

/* Begin PBXFileReference section */
		ACD01E8B2CDA9A6B005B11E2 /* MyAppleIntelligence.app */ = {isa = PBXFileReference; explicitFileType = wrapper.application; includeInIndex = 0; path = MyAppleIntelligence.app; sourceTree = BUILT_PRODUCTS_DIR; };
/* End PBXFileReference section */

/* Begin PBXFileSystemSynchronizedRootGroup section */
		ACD01E8D2CDA9A6B005B11E2 /* MyAppleIntelligence */ = {
			isa = PBXFileSystemSynchronizedRootGroup;
			path = MyAppleIntelligence;
			sourceTree = "<group>";
		};
/* End PBXFileSystemSynchronizedRootGroup section */

/* Begin PBXFrameworksBuildPhase section */
		ACD01E882CDA9A6B005B11E2 /* Frameworks */ = {
			isa = PBXFrameworksBuildPhase;
			buildActionMask = 2147483647;
			files = (
				ACC22A362CDEA6370033EFD2 /* Transformers in Frameworks */,
				ACC22A292CDEA4910033EFD2 /* MLXFast in Frameworks */,
				ACC22A2B2CDEA4910033EFD2 /* MLXLinalg in Frameworks */,
				ACC22A4D2CDEA9D40033EFD2 /* MarkdownUI in Frameworks */,
				ACC22A252CDEA4910033EFD2 /* MLX in Frameworks */,
				ACC22A462CDEA8A30033EFD2 /* MLXOptimizers in Frameworks */,
				ACC22A2D2CDEA4910033EFD2 /* MLXNN in Frameworks */,
				ACC22A272CDEA4910033EFD2 /* MLXFFT in Frameworks */,
				ACCD86F72CE103C400A369B1 /* ZIPFoundation in Frameworks */,
				ACCD87092CE109D200A369B1 /* StableDiffusion in Frameworks */,
			);
			runOnlyForDeploymentPostprocessing = 0;
		};
/* End PBXFrameworksBuildPhase section */

/* Begin PBXGroup section */
		ACD01E822CDA9A6B005B11E2 = {
			isa = PBXGroup;
			children = (
				ACD01E8D2CDA9A6B005B11E2 /* MyAppleIntelligence */,
				ACD01E8C2CDA9A6B005B11E2 /* Products */,
			);
			sourceTree = "<group>";
		};
		ACD01E8C2CDA9A6B005B11E2 /* Products */ = {
			isa = PBXGroup;
			children = (
				ACD01E8B2CDA9A6B005B11E2 /* MyAppleIntelligence.app */,
			);
			name = Products;
			sourceTree = "<group>";
		};
/* End PBXGroup section */

/* Begin PBXNativeTarget section */
		ACD01E8A2CDA9A6B005B11E2 /* MyAppleIntelligence */ = {
			isa = PBXNativeTarget;
			buildConfigurationList = ACD01E9A2CDA9A6D005B11E2 /* Build configuration list for PBXNativeTarget "MyAppleIntelligence" */;
			buildPhases = (
				ACD01E872CDA9A6B005B11E2 /* Sources */,
				ACD01E882CDA9A6B005B11E2 /* Frameworks */,
				ACD01E892CDA9A6B005B11E2 /* Resources */,
			);
			buildRules = (
			);
			dependencies = (
			);
			fileSystemSynchronizedGroups = (
				ACD01E8D2CDA9A6B005B11E2 /* MyAppleIntelligence */,
			);
			name = MyAppleIntelligence;
			packageProductDependencies = (
				ACC22A242CDEA4910033EFD2 /* MLX */,
				ACC22A262CDEA4910033EFD2 /* MLXFFT */,
				ACC22A282CDEA4910033EFD2 /* MLXFast */,
				ACC22A2A2CDEA4910033EFD2 /* MLXLinalg */,
				ACC22A2C2CDEA4910033EFD2 /* MLXNN */,
				ACC22A352CDEA6370033EFD2 /* Transformers */,
				ACC22A452CDEA8A30033EFD2 /* MLXOptimizers */,
				ACC22A4C2CDEA9D40033EFD2 /* MarkdownUI */,
				ACCD86F62CE103C400A369B1 /* ZIPFoundation */,
				ACCD87082CE109D200A369B1 /* StableDiffusion */,
			);
			productName = MyAppleIntelligence;
			productReference = ACD01E8B2CDA9A6B005B11E2 /* MyAppleIntelligence.app */;
			productType = "com.apple.product-type.application";
		};
/* End PBXNativeTarget section */

/* Begin PBXProject section */
		ACD01E832CDA9A6B005B11E2 /* Project object */ = {
			isa = PBXProject;
			attributes = {
				BuildIndependentTargetsInParallel = 1;
				LastSwiftUpdateCheck = 1610;
				LastUpgradeCheck = 1610;
				TargetAttributes = {
					ACD01E8A2CDA9A6B005B11E2 = {
						CreatedOnToolsVersion = 16.1;
					};
				};
			};
			buildConfigurationList = ACD01E862CDA9A6B005B11E2 /* Build configuration list for PBXProject "MyAppleIntelligence" */;
			developmentRegion = en;
			hasScannedForEncodings = 0;
			knownRegions = (
				en,
				Base,
			);
			mainGroup = ACD01E822CDA9A6B005B11E2;
			minimizedProjectReferenceProxies = 1;
			packageReferences = (
				ACC22A232CDEA4910033EFD2 /* XCRemoteSwiftPackageReference "mlx-swift" */,
				ACC22A342CDEA6370033EFD2 /* XCRemoteSwiftPackageReference "swift-transformers" */,
				ACC22A4B2CDEA9D40033EFD2 /* XCRemoteSwiftPackageReference "swift-markdown-ui" */,
				ACCD86F52CE103C400A369B1 /* XCRemoteSwiftPackageReference "ZIPFoundation" */,
				ACCD87072CE109D200A369B1 /* XCRemoteSwiftPackageReference "ml-stable-diffusion" */,
			);
			preferredProjectObjectVersion = 77;
			productRefGroup = ACD01E8C2CDA9A6B005B11E2 /* Products */;
			projectDirPath = "";
			projectRoot = "";
			targets = (
				ACD01E8A2CDA9A6B005B11E2 /* MyAppleIntelligence */,
			);
		};
/* End PBXProject section */

/* Begin PBXResourcesBuildPhase section */
		ACD01E892CDA9A6B005B11E2 /* Resources */ = {
			isa = PBXResourcesBuildPhase;
			buildActionMask = 2147483647;
			files = (
			);
			runOnlyForDeploymentPostprocessing = 0;
		};
/* End PBXResourcesBuildPhase section */

/* Begin PBXSourcesBuildPhase section */
		ACD01E872CDA9A6B005B11E2 /* Sources */ = {
			isa = PBXSourcesBuildPhase;
			buildActionMask = 2147483647;
			files = (
			);
			runOnlyForDeploymentPostprocessing = 0;
		};
/* End PBXSourcesBuildPhase section */

/* Begin XCBuildConfiguration section */
		ACD01E982CDA9A6D005B11E2 /* Debug */ = {
			isa = XCBuildConfiguration;
			buildSettings = {
				ALWAYS_SEARCH_USER_PATHS = NO;
				ASSETCATALOG_COMPILER_GENERATE_SWIFT_ASSET_SYMBOL_EXTENSIONS = YES;
				CLANG_ANALYZER_NONNULL = YES;
				CLANG_ANALYZER_NUMBER_OBJECT_CONVERSION = YES_AGGRESSIVE;
				CLANG_CXX_LANGUAGE_STANDARD = "gnu++20";
				CLANG_ENABLE_MODULES = YES;
				CLANG_ENABLE_OBJC_ARC = YES;
				CLANG_ENABLE_OBJC_WEAK = YES;
				CLANG_WARN_BLOCK_CAPTURE_AUTORELEASING = YES;
				CLANG_WARN_BOOL_CONVERSION = YES;
				CLANG_WARN_COMMA = YES;
				CLANG_WARN_CONSTANT_CONVERSION = YES;
				CLANG_WARN_DEPRECATED_OBJC_IMPLEMENTATIONS = YES;
				CLANG_WARN_DIRECT_OBJC_ISA_USAGE = YES_ERROR;
				CLANG_WARN_DOCUMENTATION_COMMENTS = YES;
				CLANG_WARN_EMPTY_BODY = YES;
				CLANG_WARN_ENUM_CONVERSION = YES;
				CLANG_WARN_INFINITE_RECURSION = YES;
				CLANG_WARN_INT_CONVERSION = YES;
				CLANG_WARN_NON_LITERAL_NULL_CONVERSION = YES;
				CLANG_WARN_OBJC_IMPLICIT_RETAIN_SELF = YES;
				CLANG_WARN_OBJC_LITERAL_CONVERSION = YES;
				CLANG_WARN_OBJC_ROOT_CLASS = YES_ERROR;
				CLANG_WARN_QUOTED_INCLUDE_IN_FRAMEWORK_HEADER = YES;
				CLANG_WARN_RANGE_LOOP_ANALYSIS = YES;
				CLANG_WARN_STRICT_PROTOTYPES = YES;
				CLANG_WARN_SUSPICIOUS_MOVE = YES;
				CLANG_WARN_UNGUARDED_AVAILABILITY = YES_AGGRESSIVE;
				CLANG_WARN_UNREACHABLE_CODE = YES;
				CLANG_WARN__DUPLICATE_METHOD_MATCH = YES;
				COPY_PHASE_STRIP = NO;
				DEBUG_INFORMATION_FORMAT = dwarf;
				ENABLE_STRICT_OBJC_MSGSEND = YES;
				ENABLE_TESTABILITY = YES;
				ENABLE_USER_SCRIPT_SANDBOXING = YES;
				GCC_C_LANGUAGE_STANDARD = gnu17;
				GCC_DYNAMIC_NO_PIC = NO;
				GCC_NO_COMMON_BLOCKS = YES;
				GCC_OPTIMIZATION_LEVEL = 0;
				GCC_PREPROCESSOR_DEFINITIONS = (
					"DEBUG=1",
					"$(inherited)",
				);
				GCC_WARN_64_TO_32_BIT_CONVERSION = YES;
				GCC_WARN_ABOUT_RETURN_TYPE = YES_ERROR;
				GCC_WARN_UNDECLARED_SELECTOR = YES;
				GCC_WARN_UNINITIALIZED_AUTOS = YES_AGGRESSIVE;
				GCC_WARN_UNUSED_FUNCTION = YES;
				GCC_WARN_UNUSED_VARIABLE = YES;
				LOCALIZATION_PREFERS_STRING_CATALOGS = YES;
				MTL_ENABLE_DEBUG_INFO = INCLUDE_SOURCE;
				MTL_FAST_MATH = YES;
				ONLY_ACTIVE_ARCH = YES;
				SWIFT_ACTIVE_COMPILATION_CONDITIONS = "DEBUG $(inherited)";
				SWIFT_OPTIMIZATION_LEVEL = "-Onone";
			};
			name = Debug;
		};
		ACD01E992CDA9A6D005B11E2 /* Release */ = {
			isa = XCBuildConfiguration;
			buildSettings = {
				ALWAYS_SEARCH_USER_PATHS = NO;
				ASSETCATALOG_COMPILER_GENERATE_SWIFT_ASSET_SYMBOL_EXTENSIONS = YES;
				CLANG_ANALYZER_NONNULL = YES;
				CLANG_ANALYZER_NUMBER_OBJECT_CONVERSION = YES_AGGRESSIVE;
				CLANG_CXX_LANGUAGE_STANDARD = "gnu++20";
				CLANG_ENABLE_MODULES = YES;
				CLANG_ENABLE_OBJC_ARC = YES;
				CLANG_ENABLE_OBJC_WEAK = YES;
				CLANG_WARN_BLOCK_CAPTURE_AUTORELEASING = YES;
				CLANG_WARN_BOOL_CONVERSION = YES;
				CLANG_WARN_COMMA = YES;
				CLANG_WARN_CONSTANT_CONVERSION = YES;
				CLANG_WARN_DEPRECATED_OBJC_IMPLEMENTATIONS = YES;
				CLANG_WARN_DIRECT_OBJC_ISA_USAGE = YES_ERROR;
				CLANG_WARN_DOCUMENTATION_COMMENTS = YES;
				CLANG_WARN_EMPTY_BODY = YES;
				CLANG_WARN_ENUM_CONVERSION = YES;
				CLANG_WARN_INFINITE_RECURSION = YES;
				CLANG_WARN_INT_CONVERSION = YES;
				CLANG_WARN_NON_LITERAL_NULL_CONVERSION = YES;
				CLANG_WARN_OBJC_IMPLICIT_RETAIN_SELF = YES;
				CLANG_WARN_OBJC_LITERAL_CONVERSION = YES;
				CLANG_WARN_OBJC_ROOT_CLASS = YES_ERROR;
				CLANG_WARN_QUOTED_INCLUDE_IN_FRAMEWORK_HEADER = YES;
				CLANG_WARN_RANGE_LOOP_ANALYSIS = YES;
				CLANG_WARN_STRICT_PROTOTYPES = YES;
				CLANG_WARN_SUSPICIOUS_MOVE = YES;
				CLANG_WARN_UNGUARDED_AVAILABILITY = YES_AGGRESSIVE;
				CLANG_WARN_UNREACHABLE_CODE = YES;
				CLANG_WARN__DUPLICATE_METHOD_MATCH = YES;
				COPY_PHASE_STRIP = NO;
				DEBUG_INFORMATION_FORMAT = "dwarf-with-dsym";
				ENABLE_NS_ASSERTIONS = NO;
				ENABLE_STRICT_OBJC_MSGSEND = YES;
				ENABLE_USER_SCRIPT_SANDBOXING = YES;
				GCC_C_LANGUAGE_STANDARD = gnu17;
				GCC_NO_COMMON_BLOCKS = YES;
				GCC_WARN_64_TO_32_BIT_CONVERSION = YES;
				GCC_WARN_ABOUT_RETURN_TYPE = YES_ERROR;
				GCC_WARN_UNDECLARED_SELECTOR = YES;
				GCC_WARN_UNINITIALIZED_AUTOS = YES_AGGRESSIVE;
				GCC_WARN_UNUSED_FUNCTION = YES;
				GCC_WARN_UNUSED_VARIABLE = YES;
				LOCALIZATION_PREFERS_STRING_CATALOGS = YES;
				MTL_ENABLE_DEBUG_INFO = NO;
				MTL_FAST_MATH = YES;
				SWIFT_COMPILATION_MODE = wholemodule;
			};
			name = Release;
		};
		ACD01E9B2CDA9A6D005B11E2 /* Debug */ = {
			isa = XCBuildConfiguration;
			buildSettings = {
				ASSETCATALOG_COMPILER_APPICON_NAME = AppIcon;
				ASSETCATALOG_COMPILER_GLOBAL_ACCENT_COLOR_NAME = AccentColor;
				CODE_SIGN_ENTITLEMENTS = MyAppleIntelligence/MyAppleIntelligence.entitlements;
				CODE_SIGN_STYLE = Automatic;
				CURRENT_PROJECT_VERSION = 1;
				DEVELOPMENT_ASSET_PATHS = "\"MyAppleIntelligence/Preview Content\"";
				DEVELOPMENT_TEAM = JY49624W8T;
				ENABLE_HARDENED_RUNTIME = YES;
				ENABLE_PREVIEWS = YES;
				GENERATE_INFOPLIST_FILE = YES;
				"INFOPLIST_KEY_UIApplicationSceneManifest_Generation[sdk=iphoneos*]" = YES;
				"INFOPLIST_KEY_UIApplicationSceneManifest_Generation[sdk=iphonesimulator*]" = YES;
				"INFOPLIST_KEY_UIApplicationSupportsIndirectInputEvents[sdk=iphoneos*]" = YES;
				"INFOPLIST_KEY_UIApplicationSupportsIndirectInputEvents[sdk=iphonesimulator*]" = YES;
				"INFOPLIST_KEY_UILaunchScreen_Generation[sdk=iphoneos*]" = YES;
				"INFOPLIST_KEY_UILaunchScreen_Generation[sdk=iphonesimulator*]" = YES;
				"INFOPLIST_KEY_UIStatusBarStyle[sdk=iphoneos*]" = UIStatusBarStyleDefault;
				"INFOPLIST_KEY_UIStatusBarStyle[sdk=iphonesimulator*]" = UIStatusBarStyleDefault;
				INFOPLIST_KEY_UISupportedInterfaceOrientations_iPad = "UIInterfaceOrientationPortrait UIInterfaceOrientationPortraitUpsideDown UIInterfaceOrientationLandscapeLeft UIInterfaceOrientationLandscapeRight";
				INFOPLIST_KEY_UISupportedInterfaceOrientations_iPhone = "UIInterfaceOrientationPortrait UIInterfaceOrientationLandscapeLeft UIInterfaceOrientationLandscapeRight";
				IPHONEOS_DEPLOYMENT_TARGET = 18.1;
				LD_RUNPATH_SEARCH_PATHS = "@executable_path/Frameworks";
				"LD_RUNPATH_SEARCH_PATHS[sdk=macosx*]" = "@executable_path/../Frameworks";
				MACOSX_DEPLOYMENT_TARGET = 15.1;
				MARKETING_VERSION = 1.0;
				PRODUCT_BUNDLE_IDENTIFIER = com.stefanblos.MyAppleIntelligence;
				PRODUCT_NAME = "$(TARGET_NAME)";
				SDKROOT = auto;
				SUPPORTED_PLATFORMS = "iphoneos iphonesimulator macosx xros xrsimulator";
				SWIFT_EMIT_LOC_STRINGS = YES;
				SWIFT_VERSION = 5.0;
				TARGETED_DEVICE_FAMILY = "1,2,7";
				XROS_DEPLOYMENT_TARGET = 2.1;
			};
			name = Debug;
		};
		ACD01E9C2CDA9A6D005B11E2 /* Release */ = {
			isa = XCBuildConfiguration;
			buildSettings = {
				ASSETCATALOG_COMPILER_APPICON_NAME = AppIcon;
				ASSETCATALOG_COMPILER_GLOBAL_ACCENT_COLOR_NAME = AccentColor;
				CODE_SIGN_ENTITLEMENTS = MyAppleIntelligence/MyAppleIntelligence.entitlements;
				CODE_SIGN_STYLE = Automatic;
				CURRENT_PROJECT_VERSION = 1;
				DEVELOPMENT_ASSET_PATHS = "\"MyAppleIntelligence/Preview Content\"";
				DEVELOPMENT_TEAM = JY49624W8T;
				ENABLE_HARDENED_RUNTIME = YES;
				ENABLE_PREVIEWS = YES;
				GENERATE_INFOPLIST_FILE = YES;
				"INFOPLIST_KEY_UIApplicationSceneManifest_Generation[sdk=iphoneos*]" = YES;
				"INFOPLIST_KEY_UIApplicationSceneManifest_Generation[sdk=iphonesimulator*]" = YES;
				"INFOPLIST_KEY_UIApplicationSupportsIndirectInputEvents[sdk=iphoneos*]" = YES;
				"INFOPLIST_KEY_UIApplicationSupportsIndirectInputEvents[sdk=iphonesimulator*]" = YES;
				"INFOPLIST_KEY_UILaunchScreen_Generation[sdk=iphoneos*]" = YES;
				"INFOPLIST_KEY_UILaunchScreen_Generation[sdk=iphonesimulator*]" = YES;
				"INFOPLIST_KEY_UIStatusBarStyle[sdk=iphoneos*]" = UIStatusBarStyleDefault;
				"INFOPLIST_KEY_UIStatusBarStyle[sdk=iphonesimulator*]" = UIStatusBarStyleDefault;
				INFOPLIST_KEY_UISupportedInterfaceOrientations_iPad = "UIInterfaceOrientationPortrait UIInterfaceOrientationPortraitUpsideDown UIInterfaceOrientationLandscapeLeft UIInterfaceOrientationLandscapeRight";
				INFOPLIST_KEY_UISupportedInterfaceOrientations_iPhone = "UIInterfaceOrientationPortrait UIInterfaceOrientationLandscapeLeft UIInterfaceOrientationLandscapeRight";
				IPHONEOS_DEPLOYMENT_TARGET = 18.1;
				LD_RUNPATH_SEARCH_PATHS = "@executable_path/Frameworks";
				"LD_RUNPATH_SEARCH_PATHS[sdk=macosx*]" = "@executable_path/../Frameworks";
				MACOSX_DEPLOYMENT_TARGET = 15.1;
				MARKETING_VERSION = 1.0;
				PRODUCT_BUNDLE_IDENTIFIER = com.stefanblos.MyAppleIntelligence;
				PRODUCT_NAME = "$(TARGET_NAME)";
				SDKROOT = auto;
				SUPPORTED_PLATFORMS = "iphoneos iphonesimulator macosx xros xrsimulator";
				SWIFT_EMIT_LOC_STRINGS = YES;
				SWIFT_VERSION = 5.0;
				TARGETED_DEVICE_FAMILY = "1,2,7";
				XROS_DEPLOYMENT_TARGET = 2.1;
			};
			name = Release;
		};
/* End XCBuildConfiguration section */

/* Begin XCConfigurationList section */
		ACD01E862CDA9A6B005B11E2 /* Build configuration list for PBXProject "MyAppleIntelligence" */ = {
			isa = XCConfigurationList;
			buildConfigurations = (
				ACD01E982CDA9A6D005B11E2 /* Debug */,
				ACD01E992CDA9A6D005B11E2 /* Release */,
			);
			defaultConfigurationIsVisible = 0;
			defaultConfigurationName = Release;
		};
		ACD01E9A2CDA9A6D005B11E2 /* Build configuration list for PBXNativeTarget "MyAppleIntelligence" */ = {
			isa = XCConfigurationList;
			buildConfigurations = (
				ACD01E9B2CDA9A6D005B11E2 /* Debug */,
				ACD01E9C2CDA9A6D005B11E2 /* Release */,
			);
			defaultConfigurationIsVisible = 0;
			defaultConfigurationName = Release;
		};
/* End XCConfigurationList section */

/* Begin XCRemoteSwiftPackageReference section */
		ACC22A232CDEA4910033EFD2 /* XCRemoteSwiftPackageReference "mlx-swift" */ = {
			isa = XCRemoteSwiftPackageReference;
			repositoryURL = "https://github.com/ml-explore/mlx-swift";
			requirement = {
				kind = upToNextMajorVersion;
				minimumVersion = 0.18.1;
			};
		};
		ACC22A342CDEA6370033EFD2 /* XCRemoteSwiftPackageReference "swift-transformers" */ = {
			isa = XCRemoteSwiftPackageReference;
			repositoryURL = "https://github.com/huggingface/swift-transformers";
			requirement = {
				kind = upToNextMajorVersion;
				minimumVersion = 0.1.14;
			};
		};
		ACC22A4B2CDEA9D40033EFD2 /* XCRemoteSwiftPackageReference "swift-markdown-ui" */ = {
			isa = XCRemoteSwiftPackageReference;
			repositoryURL = "https://github.com/gonzalezreal/swift-markdown-ui";
			requirement = {
				kind = upToNextMajorVersion;
				minimumVersion = 2.4.1;
			};
		};
		ACCD86F52CE103C400A369B1 /* XCRemoteSwiftPackageReference "ZIPFoundation" */ = {
			isa = XCRemoteSwiftPackageReference;
			repositoryURL = "https://github.com/weichsel/ZIPFoundation";
			requirement = {
				kind = upToNextMajorVersion;
				minimumVersion = 0.9.19;
			};
		};
		ACCD87072CE109D200A369B1 /* XCRemoteSwiftPackageReference "ml-stable-diffusion" */ = {
			isa = XCRemoteSwiftPackageReference;
			repositoryURL = "https://github.com/apple/ml-stable-diffusion";
			requirement = {
				kind = upToNextMajorVersion;
				minimumVersion = 1.1.1;
			};
		};
/* End XCRemoteSwiftPackageReference section */

/* Begin XCSwiftPackageProductDependency section */
		ACC22A242CDEA4910033EFD2 /* MLX */ = {
			isa = XCSwiftPackageProductDependency;
			package = ACC22A232CDEA4910033EFD2 /* XCRemoteSwiftPackageReference "mlx-swift" */;
			productName = MLX;
		};
		ACC22A262CDEA4910033EFD2 /* MLXFFT */ = {
			isa = XCSwiftPackageProductDependency;
			package = ACC22A232CDEA4910033EFD2 /* XCRemoteSwiftPackageReference "mlx-swift" */;
			productName = MLXFFT;
		};
		ACC22A282CDEA4910033EFD2 /* MLXFast */ = {
			isa = XCSwiftPackageProductDependency;
			package = ACC22A232CDEA4910033EFD2 /* XCRemoteSwiftPackageReference "mlx-swift" */;
			productName = MLXFast;
		};
		ACC22A2A2CDEA4910033EFD2 /* MLXLinalg */ = {
			isa = XCSwiftPackageProductDependency;
			package = ACC22A232CDEA4910033EFD2 /* XCRemoteSwiftPackageReference "mlx-swift" */;
			productName = MLXLinalg;
		};
		ACC22A2C2CDEA4910033EFD2 /* MLXNN */ = {
			isa = XCSwiftPackageProductDependency;
			package = ACC22A232CDEA4910033EFD2 /* XCRemoteSwiftPackageReference "mlx-swift" */;
			productName = MLXNN;
		};
		ACC22A352CDEA6370033EFD2 /* Transformers */ = {
			isa = XCSwiftPackageProductDependency;
			package = ACC22A342CDEA6370033EFD2 /* XCRemoteSwiftPackageReference "swift-transformers" */;
			productName = Transformers;
		};
		ACC22A452CDEA8A30033EFD2 /* MLXOptimizers */ = {
			isa = XCSwiftPackageProductDependency;
			package = ACC22A232CDEA4910033EFD2 /* XCRemoteSwiftPackageReference "mlx-swift" */;
			productName = MLXOptimizers;
		};
		ACC22A4C2CDEA9D40033EFD2 /* MarkdownUI */ = {
			isa = XCSwiftPackageProductDependency;
			package = ACC22A4B2CDEA9D40033EFD2 /* XCRemoteSwiftPackageReference "swift-markdown-ui" */;
			productName = MarkdownUI;
		};
		ACCD86F62CE103C400A369B1 /* ZIPFoundation */ = {
			isa = XCSwiftPackageProductDependency;
			package = ACCD86F52CE103C400A369B1 /* XCRemoteSwiftPackageReference "ZIPFoundation" */;
			productName = ZIPFoundation;
		};
		ACCD87082CE109D200A369B1 /* StableDiffusion */ = {
			isa = XCSwiftPackageProductDependency;
			package = ACCD87072CE109D200A369B1 /* XCRemoteSwiftPackageReference "ml-stable-diffusion" */;
			productName = StableDiffusion;
		};
/* End XCSwiftPackageProductDependency section */
	};
	rootObject = ACD01E832CDA9A6B005B11E2 /* Project object */;
}
